{
  "name": "Industrious",
  "version": "1.0.0",
  "lockfileVersion": 1,
  "requires": true,
  "dependencies": {
    "@odopod/odo-background-video": {
      "version": "1.1.2",
      "resolved": "https://registry.npmjs.org/@odopod/odo-background-video/-/odo-background-video-1.1.2.tgz",
      "integrity": "sha1-vNVplGnb5zz1LiAGCqFbdo1+Y3o=",
      "requires": {
        "@odopod/odo-object-fit": "^1.1.1",
        "@odopod/odo-responsive-images": "^1.2.0",
        "@odopod/odo-video": "^1.2.2",
        "@odopod/odo-viewport": "^1.1.1",
        "@odopod/odo-window-events": "^1.2.0"
      }
    },
    "@odopod/odo-object-fit": {
      "version": "1.1.1",
      "resolved": "https://registry.npmjs.org/@odopod/odo-object-fit/-/odo-object-fit-1.1.1.tgz",
      "integrity": "sha1-tUVqOcpFEF8eb5ibpg7VkrAAT0Q="
    },
    "@odopod/odo-responsive-images": {
      "version": "1.2.0",
      "resolved": "https://registry.npmjs.org/@odopod/odo-responsive-images/-/odo-responsive-images-1.2.0.tgz",
      "integrity": "sha1-XAHnXGB71X+aTb/bQR2ys+tXTuM=",
      "requires": {
        "@odopod/odo-viewport": "^1.1.1",
        "debounce": "^1.0.0",
        "picturefill": "^3.0.2"
      }
    },
    "@odopod/odo-video": {
      "version": "1.2.2",
      "resolved": "https://registry.npmjs.org/@odopod/odo-video/-/odo-video-1.2.2.tgz",
      "integrity": "sha1-etlNNgD5TWUsfUYrNdQsYAvGTZ0=",
      "requires": {
        "screenfull": "^3.0.2"
      }
    },
    "@odopod/odo-viewport": {
      "version": "1.1.1",
      "resolved": "https://registry.npmjs.org/@odopod/odo-viewport/-/odo-viewport-1.1.1.tgz",
      "integrity": "sha1-SAlWV15bC66awJaEgx6APMSmw1c=",
      "requires": {
        "@odopod/odo-window-events": "^1.2.0"
      }
    },
    "@odopod/odo-window-events": {
      "version": "1.2.0",
      "resolved": "https://registry.npmjs.org/@odopod/odo-window-events/-/odo-window-events-1.2.0.tgz",
      "integrity": "sha1-WVZKlGtRUyfLEJYwRj5ep+GxjOY=",
      "requires": {
        "debounce": "^1.0.0",
        "throttleit": "^1.0.0"
      }
    },
    "debounce": {
      "version": "1.2.0",
      "resolved": "https://registry.npmjs.org/debounce/-/debounce-1.2.0.tgz",
      "integrity": "sha512-mYtLl1xfZLi1m4RtQYlZgJUNQjl4ZxVnHzIR8nLLgi4q1YT8o/WM+MK/f8yfcc9s5Ir5zRaPZyZU6xs1Syoocg=="
    },
    "picturefill": {
      "version": "3.0.2",
      "resolved": "https://registry.npmjs.org/picturefill/-/picturefill-3.0.2.tgz",
      "integrity": "sha1-+j01//vvWrUwD+KtncqPLjbLons="
    },
    "screenfull": {
      "version": "3.3.3",
      "resolved": "https://registry.npmjs.org/screenfull/-/screenfull-3.3.3.tgz",
      "integrity": "sha512-DzYUuXr+OV2BDvYXaYzlYgJd4WXZZ2CW5NFC7Kw6TUCpzXJAx4MwlVD6CH+Mu6fi8rfAQIQfqdFZ4jtDsEkWig=="
    },
    "sidebarjs": {
      "version": "5.3.0",
      "resolved": "https://registry.npmjs.org/sidebarjs/-/sidebarjs-5.3.0.tgz",
      "integrity": "sha512-0rUrk5bYeDQrOYgFOwZZFGl12RvrYc8uqFct06dRJ+T1Rj2rllwYTCQgv0dkWRsZnreNvxDEIhBzmWIgTZFjsw=="
    },
    "throttleit": {
      "version": "1.0.0",
      "resolved": "https://registry.npmjs.org/throttleit/-/throttleit-1.0.0.tgz",
      "integrity": "sha1-nnhYNtr0Z0MUWlmEtiaNgoUorGw="
    }
  }
}
